// !$*UTF8*$!
{
	archiveVersion = 1;
	classes = {
	};
	objectVersion = 46;
	objects = {

/* Begin PBXBuildFile section */
		BAEB38121F338A62007AB2C6 /* AppDelegate.swift in Sources */ = {isa = PBXBuildFile; fileRef = BAEB38111F338A62007AB2C6 /* AppDelegate.swift */; };
		BAEB38141F338A62007AB2C6 /* ViewController.swift in Sources */ = {isa = PBXBuildFile; fileRef = BAEB38131F338A62007AB2C6 /* ViewController.swift */; };
		BAEB38191F338A62007AB2C6 /* Assets.xcassets in Resources */ = {isa = PBXBuildFile; fileRef = BAEB38181F338A62007AB2C6 /* Assets.xcassets */; };
		BAEB381C1F338A62007AB2C6 /* LaunchScreen.storyboard in Resources */ = {isa = PBXBuildFile; fileRef = BAEB381A1F338A62007AB2C6 /* LaunchScreen.storyboard */; };
		BAEB38271F338A62007AB2C6 /* sample2Tests.swift in Sources */ = {isa = PBXBuildFile; fileRef = BAEB38261F338A62007AB2C6 /* sample2Tests.swift */; };
		BAEB38321F338A62007AB2C6 /* sample2UITests.swift in Sources */ = {isa = PBXBuildFile; fileRef = BAEB38311F338A62007AB2C6 /* sample2UITests.swift */; };
		BAEB38411F338B34007AB2C6 /* Main.storyboard in Resources */ = {isa = PBXBuildFile; fileRef = BAEB383F1F338B34007AB2C6 /* Main.storyboard */; };
		BAEB38431F338BB6007AB2C6 /* VoterViewController.swift in Sources */ = {isa = PBXBuildFile; fileRef = BAEB38421F338BB6007AB2C6 /* VoterViewController.swift */; };
/* End PBXBuildFile section */

/* Begin PBXContainerItemProxy section */
		BAEB38231F338A62007AB2C6 /* PBXContainerItemProxy */ = {
			isa = PBXContainerItemProxy;
			containerPortal = BAEB38061F338A62007AB2C6 /* Project object */;
			proxyType = 1;
			remoteGlobalIDString = BAEB380D1F338A62007AB2C6;
			remoteInfo = sample2;
		};
		BAEB382E1F338A62007AB2C6 /* PBXContainerItemProxy */ = {
			isa = PBXContainerItemProxy;
			containerPortal = BAEB38061F338A62007AB2C6 /* Project object */;
			proxyType = 1;
			remoteGlobalIDString = BAEB380D1F338A62007AB2C6;
			remoteInfo = sample2;
		};
/* End PBXContainerItemProxy section */

/* Begin PBXFileReference section */
		BAEB380E1F338A62007AB2C6 /* sample2.app */ = {isa = PBXFileReference; explicitFileType = wrapper.application; includeInIndex = 0; path = sample2.app; sourceTree = BUILT_PRODUCTS_DIR; };
		BAEB38111F338A62007AB2C6 /* AppDelegate.swift */ = {isa = PBXFileReference; lastKnownFileType = sourcecode.swift; path = AppDelegate.swift; sourceTree = "<group>"; };
		BAEB38131F338A62007AB2C6 /* ViewController.swift */ = {isa = PBXFileReference; lastKnownFileType = sourcecode.swift; path = ViewController.swift; sourceTree = "<group>"; };
		BAEB38181F338A62007AB2C6 /* Assets.xcassets */ = {isa = PBXFileReference; lastKnownFileType = folder.assetcatalog; path = Assets.xcassets; sourceTree = "<group>"; };
		BAEB381B1F338A62007AB2C6 /* Base */ = {isa = PBXFileReference; lastKnownFileType = file.storyboard; name = Base; path = Base.lproj/LaunchScreen.storyboard; sourceTree = "<group>"; };
		BAEB381D1F338A62007AB2C6 /* Info.plist */ = {isa = PBXFileReference; lastKnownFileType = text.plist.xml; path = Info.plist; sourceTree = "<group>"; };
		BAEB38221F338A62007AB2C6 /* sample2Tests.xctest */ = {isa = PBXFileReference; explicitFileType = wrapper.cfbundle; includeInIndex = 0; path = sample2Tests.xctest; sourceTree = BUILT_PRODUCTS_DIR; };
		BAEB38261F338A62007AB2C6 /* sample2Tests.swift */ = {isa = PBXFileReference; lastKnownFileType = sourcecode.swift; path = sample2Tests.swift; sourceTree = "<group>"; };
		BAEB38281F338A62007AB2C6 /* Info.plist */ = {isa = PBXFileReference; lastKnownFileType = text.plist.xml; path = Info.plist; sourceTree = "<group>"; };
		BAEB382D1F338A62007AB2C6 /* sample2UITests.xctest */ = {isa = PBXFileReference; explicitFileType = wrapper.cfbundle; includeInIndex = 0; path = sample2UITests.xctest; sourceTree = BUILT_PRODUCTS_DIR; };
		BAEB38311F338A62007AB2C6 /* sample2UITests.swift */ = {isa = PBXFileReference; lastKnownFileType = sourcecode.swift; path = sample2UITests.swift; sourceTree = "<group>"; };
		BAEB38331F338A62007AB2C6 /* Info.plist */ = {isa = PBXFileReference; lastKnownFileType = text.plist.xml; path = Info.plist; sourceTree = "<group>"; };
		BAEB38401F338B34007AB2C6 /* Base */ = {isa = PBXFileReference; lastKnownFileType = file.storyboard; name = Base; path = ../../../Downloads/iOSApps/Day1MulticontrollerApp/Day1MulticontrollerApp/Base.lproj/Main.storyboard; sourceTree = "<group>"; };
		BAEB38421F338BB6007AB2C6 /* VoterViewController.swift */ = {isa = PBXFileReference; fileEncoding = 4; lastKnownFileType = sourcecode.swift; name = VoterViewController.swift; path = ../../../../Downloads/iOSApps/Day1MulticontrollerApp/Day1MulticontrollerApp/VoterViewController.swift; sourceTree = "<group>"; };
/* End PBXFileReference section */

/* Begin PBXFrameworksBuildPhase section */
		BAEB380B1F338A62007AB2C6 /* Frameworks */ = {
			isa = PBXFrameworksBuildPhase;
			buildActionMask = 2147483647;
			files = (
			);
			runOnlyForDeploymentPostprocessing = 0;
		};
		BAEB381F1F338A62007AB2C6 /* Frameworks */ = {
			isa = PBXFrameworksBuildPhase;
			buildActionMask = 2147483647;
			files = (
			);
			runOnlyForDeploymentPostprocessing = 0;
		};
		BAEB382A1F338A62007AB2C6 /* Frameworks */ = {
			isa = PBXFrameworksBuildPhase;
			buildActionMask = 2147483647;
			files = (
			);
			runOnlyForDeploymentPostprocessing = 0;
		};
/* End PBXFrameworksBuildPhase section */

/* Begin PBXGroup section */
		BAEB38051F338A62007AB2C6 = {
			isa = PBXGroup;
			children = (
				BAEB38101F338A62007AB2C6 /* sample2 */,
				BAEB38251F338A62007AB2C6 /* sample2Tests */,
				BAEB38301F338A62007AB2C6 /* sample2UITests */,
				BAEB380F1F338A62007AB2C6 /* Products */,
			);
			sourceTree = "<group>";
		};
		BAEB380F1F338A62007AB2C6 /* Products */ = {
			isa = PBXGroup;
			children = (
				BAEB380E1F338A62007AB2C6 /* sample2.app */,
				BAEB38221F338A62007AB2C6 /* sample2Tests.xctest */,
				BAEB382D1F338A62007AB2C6 /* sample2UITests.xctest */,
			);
			name = Products;
			sourceTree = "<group>";
		};
		BAEB38101F338A62007AB2C6 /* sample2 */ = {
			isa = PBXGroup;
			children = (
				BAEB38421F338BB6007AB2C6 /* VoterViewController.swift */,
				BAEB383F1F338B34007AB2C6 /* Main.storyboard */,
				BAEB38111F338A62007AB2C6 /* AppDelegate.swift */,
				BAEB38131F338A62007AB2C6 /* ViewController.swift */,
				BAEB38181F338A62007AB2C6 /* Assets.xcassets */,
				BAEB381A1F338A62007AB2C6 /* LaunchScreen.storyboard */,
				BAEB381D1F338A62007AB2C6 /* Info.plist */,
			);
			path = sample2;
			sourceTree = "<group>";
		};
		BAEB38251F338A62007AB2C6 /* sample2Tests */ = {
			isa = PBXGroup;
			children = (
				BAEB38261F338A62007AB2C6 /* sample2Tests.swift */,
				BAEB38281F338A62007AB2C6 /* Info.plist */,
			);
			path = sample2Tests;
			sourceTree = "<group>";
		};
		BAEB38301F338A62007AB2C6 /* sample2UITests */ = {
			isa = PBXGroup;
			children = (
				BAEB38311F338A62007AB2C6 /* sample2UITests.swift */,
				BAEB38331F338A62007AB2C6 /* Info.plist */,
			);
			path = sample2UITests;
			sourceTree = "<group>";
		};
/* End PBXGroup section */

/* Begin PBXNativeTarget section */
		BAEB380D1F338A62007AB2C6 /* sample2 */ = {
			isa = PBXNativeTarget;
			buildConfigurationList = BAEB38361F338A62007AB2C6 /* Build configuration list for PBXNativeTarget "sample2" */;
			buildPhases = (
				BAEB380A1F338A62007AB2C6 /* Sources */,
				BAEB380B1F338A62007AB2C6 /* Frameworks */,
				BAEB380C1F338A62007AB2C6 /* Resources */,
			);
			buildRules = (
			);
			dependencies = (
			);
			name = sample2;
			productName = sample2;
			productReference = BAEB380E1F338A62007AB2C6 /* sample2.app */;
			productType = "com.apple.product-type.application";
		};
		BAEB38211F338A62007AB2C6 /* sample2Tests */ = {
			isa = PBXNativeTarget;
			buildConfigurationList = BAEB38391F338A62007AB2C6 /* Build configuration list for PBXNativeTarget "sample2Tests" */;
			buildPhases = (
				BAEB381E1F338A62007AB2C6 /* Sources */,
				BAEB381F1F338A62007AB2C6 /* Frameworks */,
				BAEB38201F338A62007AB2C6 /* Resources */,
			);
			buildRules = (
			);
			dependencies = (
				BAEB38241F338A62007AB2C6 /* PBXTargetDependency */,
			);
			name = sample2Tests;
			productName = sample2Tests;
			productReference = BAEB38221F338A62007AB2C6 /* sample2Tests.xctest */;
			productType = "com.apple.product-type.bundle.unit-test";
		};
		BAEB382C1F338A62007AB2C6 /* sample2UITests */ = {
			isa = PBXNativeTarget;
			buildConfigurationList = BAEB383C1F338A62007AB2C6 /* Build configuration list for PBXNativeTarget "sample2UITests" */;
			buildPhases = (
				BAEB38291F338A62007AB2C6 /* Sources */,
				BAEB382A1F338A62007AB2C6 /* Frameworks */,
				BAEB382B1F338A62007AB2C6 /* Resources */,
			);
			buildRules = (
			);
			dependencies = (
				BAEB382F1F338A62007AB2C6 /* PBXTargetDependency */,
			);
			name = sample2UITests;
			productName = sample2UITests;
			productReference = BAEB382D1F338A62007AB2C6 /* sample2UITests.xctest */;
			productType = "com.apple.product-type.bundle.ui-testing";
		};
/* End PBXNativeTarget section */

/* Begin PBXProject section */
		BAEB38061F338A62007AB2C6 /* Project object */ = {
			isa = PBXProject;
			attributes = {
				LastSwiftUpdateCheck = 0830;
				LastUpgradeCheck = 0830;
				ORGANIZATIONNAME = "akshay labhshetwar";
				TargetAttributes = {
					BAEB380D1F338A62007AB2C6 = {
						CreatedOnToolsVersion = 8.3.3;
						ProvisioningStyle = Automatic;
					};
					BAEB38211F338A62007AB2C6 = {
						CreatedOnToolsVersion = 8.3.3;
						ProvisioningStyle = Automatic;
						TestTargetID = BAEB380D1F338A62007AB2C6;
					};
					BAEB382C1F338A62007AB2C6 = {
						CreatedOnToolsVersion = 8.3.3;
						ProvisioningStyle = Automatic;
						TestTargetID = BAEB380D1F338A62007AB2C6;
					};
				};
			};
			buildConfigurationList = BAEB38091F338A62007AB2C6 /* Build configuration list for PBXProject "sample2" */;
			compatibilityVersion = "Xcode 3.2";
			developmentRegion = English;
			hasScannedForEncodings = 0;
			knownRegions = (
				en,
				Base,
			);
			mainGroup = BAEB38051F338A62007AB2C6;
			productRefGroup = BAEB380F1F338A62007AB2C6 /* Products */;
			projectDirPath = "";
			projectRoot = "";
			targets = (
				BAEB380D1F338A62007AB2C6 /* sample2 */,
				BAEB38211F338A62007AB2C6 /* sample2Tests */,
				BAEB382C1F338A62007AB2C6 /* sample2UITests */,
			);
		};
/* End PBXProject section */

/* Begin PBXResourcesBuildPhase section */
		BAEB380C1F338A62007AB2C6 /* Resources */ = {
			isa = PBXResourcesBuildPhase;
			buildActionMask = 2147483647;
			files = (
				BAEB381C1F338A62007AB2C6 /* LaunchScreen.storyboard in Resources */,
				BAEB38191F338A62007AB2C6 /* Assets.xcassets in Resources */,
				BAEB38411F338B34007AB2C6 /* Main.storyboard in Resources */,
			);
			runOnlyForDeploymentPostprocessing = 0;
		};
		BAEB38201F338A62007AB2C6 /* Resources */ = {
			isa = PBXResourcesBuildPhase;
			buildActionMask = 2147483647;
			files = (
			);
			runOnlyForDeploymentPostprocessing = 0;
		};
		BAEB382B1F338A62007AB2C6 /* Resources */ = {
			isa = PBXResourcesBuildPhase;
			buildActionMask = 2147483647;
			files = (
			);
			runOnlyForDeploymentPostprocessing = 0;
		};
/* End PBXResourcesBuildPhase section */

/* Begin PBXSourcesBuildPhase section */
		BAEB380A1F338A62007AB2C6 /* Sources */ = {
			isa = PBXSourcesBuildPhase;
			buildActionMask = 2147483647;
			files = (
				BAEB38141F338A62007AB2C6 /* ViewController.swift in Sources */,
				BAEB38121F338A62007AB2C6 /* AppDelegate.swift in Sources */,
				BAEB38431F338BB6007AB2C6 /* VoterViewController.swift in Sources */,
			);
			runOnlyForDeploymentPostprocessing = 0;
		};
		BAEB381E1F338A62007AB2C6 /* Sources */ = {
			isa = PBXSourcesBuildPhase;
			buildActionMask = 2147483647;
			files = (
				BAEB38271F338A62007AB2C6 /* sample2Tests.swift in Sources */,
			);
			runOnlyForDeploymentPostprocessing = 0;
		};
		BAEB38291F338A62007AB2C6 /* Sources */ = {
			isa = PBXSourcesBuildPhase;
			buildActionMask = 2147483647;
			files = (
				BAEB38321F338A62007AB2C6 /* sample2UITests.swift in Sources */,
			);
			runOnlyForDeploymentPostprocessing = 0;
		};
/* End PBXSourcesBuildPhase section */

/* Begin PBXTargetDependency section */
		BAEB38241F338A62007AB2C6 /* PBXTargetDependency */ = {
			isa = PBXTargetDependency;
			target = BAEB380D1F338A62007AB2C6 /* sample2 */;
			targetProxy = BAEB38231F338A62007AB2C6 /* PBXContainerItemProxy */;
		};
		BAEB382F1F338A62007AB2C6 /* PBXTargetDependency */ = {
			isa = PBXTargetDependency;
			target = BAEB380D1F338A62007AB2C6 /* sample2 */;
			targetProxy = BAEB382E1F338A62007AB2C6 /* PBXContainerItemProxy */;
		};
/* End PBXTargetDependency section */

/* Begin PBXVariantGroup section */
		BAEB381A1F338A62007AB2C6 /* LaunchScreen.storyboard */ = {
			isa = PBXVariantGroup;
			children = (
				BAEB381B1F338A62007AB2C6 /* Base */,
			);
			name = LaunchScreen.storyboard;
			sourceTree = "<group>";
		};
		BAEB383F1F338B34007AB2C6 /* Main.storyboard */ = {
			isa = PBXVariantGroup;
			children = (
				BAEB38401F338B34007AB2C6 /* Base */,
			);
			name = Main.storyboard;
			path = ..;
			sourceTree = "<group>";
		};
/* End PBXVariantGroup section */

/* Begin XCBuildConfiguration section */
		BAEB38341F338A62007AB2C6 /* Debug */ = {
			isa = XCBuildConfiguration;
			buildSettings = {
				ALWAYS_SEARCH_USER_PATHS = NO;
				CLANG_ANALYZER_NONNULL = YES;
				CLANG_ANALYZER_NUMBER_OBJECT_CONVERSION = YES_AGGRESSIVE;
				CLANG_CXX_LANGUAGE_STANDARD = "gnu++0x";
				CLANG_CXX_LIBRARY = "libc++";
				CLANG_ENABLE_MODULES = YES;
				CLANG_ENABLE_OBJC_ARC = YES;
				CLANG_WARN_BOOL_CONVERSION = YES;
				CLANG_WARN_CONSTANT_CONVERSION = YES;
				CLANG_WARN_DIRECT_OBJC_ISA_USAGE = YES_ERROR;
				CLANG_WARN_DOCUMENTATION_COMMENTS = YES;
				CLANG_WARN_EMPTY_BODY = YES;
				CLANG_WARN_ENUM_CONVERSION = YES;
				CLANG_WARN_INFINITE_RECURSION = YES;
				CLANG_WARN_INT_CONVERSION = YES;
				CLANG_WARN_OBJC_ROOT_CLASS = YES_ERROR;
				CLANG_WARN_SUSPICIOUS_MOVE = YES;
				CLANG_WARN_UNREACHABLE_CODE = YES;
				CLANG_WARN__DUPLICATE_METHOD_MATCH = YES;
				"CODE_SIGN_IDENTITY[sdk=iphoneos*]" = "iPhone Developer";
				COPY_PHASE_STRIP = NO;
				DEBUG_INFORMATION_FORMAT = dwarf;
				ENABLE_STRICT_OBJC_MSGSEND = YES;
				ENABLE_TESTABILITY = YES;
				GCC_C_LANGUAGE_STANDARD = gnu99;
				GCC_DYNAMIC_NO_PIC = NO;
				GCC_NO_COMMON_BLOCKS = YES;
				GCC_OPTIMIZATION_LEVEL = 0;
				GCC_PREPROCESSOR_DEFINITIONS = (
					"DEBUG=1",
					"$(inherited)",
				);
				GCC_WARN_64_TO_32_BIT_CONVERSION = YES;
				GCC_WARN_ABOUT_RETURN_TYPE = YES_ERROR;
				GCC_WARN_UNDECLARED_SELECTOR = YES;
				GCC_WARN_UNINITIALIZED_AUTOS = YES_AGGRESSIVE;
				GCC_WARN_UNUSED_FUNCTION = YES;
				GCC_WARN_UNUSED_VARIABLE = YES;
				IPHONEOS_DEPLOYMENT_TARGET = 10.3;
				MTL_ENABLE_DEBUG_INFO = YES;
				ONLY_ACTIVE_ARCH = YES;
				SDKROOT = iphoneos;
				SWIFT_ACTIVE_COMPILATION_CONDITIONS = DEBUG;
				SWIFT_OPTIMIZATION_LEVEL = "-Onone";
			};
			name = Debug;
		};
		BAEB38351F338A62007AB2C6 /* Release */ = {
			isa = XCBuildConfiguration;
			buildSettings = {
				ALWAYS_SEARCH_USER_PATHS = NO;
				CLANG_ANALYZER_NONNULL = YES;
				CLANG_ANALYZER_NUMBER_OBJECT_CONVERSION = YES_AGGRESSIVE;
				CLANG_CXX_LANGUAGE_STANDARD = "gnu++0x";
				CLANG_CXX_LIBRARY = "libc++";
				CLANG_ENABLE_MODULES = YES;
				CLANG_ENABLE_OBJC_ARC = YES;
				CLANG_WARN_BOOL_CONVERSION = YES;
				CLANG_WARN_CONSTANT_CONVERSION = YES;
				CLANG_WARN_DIRECT_OBJC_ISA_USAGE = YES_ERROR;
				CLANG_WARN_DOCUMENTATION_COMMENTS = YES;
				CLANG_WARN_EMPTY_BODY = YES;
				CLANG_WARN_ENUM_CONVERSION = YES;
				CLANG_WARN_INFINITE_RECURSION = YES;
				CLANG_WARN_INT_CONVERSION = YES;
				CLANG_WARN_OBJC_ROOT_CLASS = YES_ERROR;
				CLANG_WARN_SUSPICIOUS_MOVE = YES;
				CLANG_WARN_UNREACHABLE_CODE = YES;
				CLANG_WARN__DUPLICATE_METHOD_MATCH = YES;
				"CODE_SIGN_IDENTITY[sdk=iphoneos*]" = "iPhone Developer";
				COPY_PHASE_STRIP = NO;
				DEBUG_INFORMATION_FORMAT = "dwarf-with-dsym";
				ENABLE_NS_ASSERTIONS = NO;
				ENABLE_STRICT_OBJC_MSGSEND = YES;
				GCC_C_LANGUAGE_STANDARD = gnu99;
				GCC_NO_COMMON_BLOCKS = YES;
				GCC_WARN_64_TO_32_BIT_CONVERSION = YES;
				GCC_WARN_ABOUT_RETURN_TYPE = YES_ERROR;
				GCC_WARN_UNDECLARED_SELECTOR = YES;
				GCC_WARN_UNINITIALIZED_AUTOS = YES_AGGRESSIVE;
				GCC_WARN_UNUSED_FUNCTION = YES;
				GCC_WARN_UNUSED_VARIABLE = YES;
				IPHONEOS_DEPLOYMENT_TARGET = 10.3;
				MTL_ENABLE_DEBUG_INFO = NO;
				SDKROOT = iphoneos;
				SWIFT_OPTIMIZATION_LEVEL = "-Owholemodule";
				VALIDATE_PRODUCT = YES;
			};
			name = Release;
		};
		BAEB38371F338A62007AB2C6 /* Debug */ = {
			isa = XCBuildConfiguration;
			buildSettings = {
				ASSETCATALOG_COMPILER_APPICON_NAME = AppIcon;
				INFOPLIST_FILE = sample2/Info.plist;
				LD_RUNPATH_SEARCH_PATHS = "$(inherited) @executable_path/Frameworks";
				PRODUCT_BUNDLE_IDENTIFIER = akshay.sample2;
				PRODUCT_NAME = "$(TARGET_NAME)";
				SWIFT_VERSION = 3.0;
			};
			name = Debug;
		};
		BAEB38381F338A62007AB2C6 /* Release */ = {
			isa = XCBuildConfiguration;
			buildSettings = {
				ASSETCATALOG_COMPILER_APPICON_NAME = AppIcon;
				INFOPLIST_FILE = sample2/Info.plist;
				LD_RUNPATH_SEARCH_PATHS = "$(inherited) @executable_path/Frameworks";
				PRODUCT_BUNDLE_IDENTIFIER = akshay.sample2;
				PRODUCT_NAME = "$(TARGET_NAME)";
				SWIFT_VERSION = 3.0;
			};
			name = Release;
		};
		BAEB383A1F338A62007AB2C6 /* Debug */ = {
			isa = XCBuildConfiguration;
			buildSettings = {
				ALWAYS_EMBED_SWIFT_STANDARD_LIBRARIES = YES;
				BUNDLE_LOADER = "$(TEST_HOST)";
				INFOPLIST_FILE = sample2Tests/Info.plist;
				LD_RUNPATH_SEARCH_PATHS = "$(inherited) @executable_path/Frameworks @loader_path/Frameworks";
				PRODUCT_BUNDLE_IDENTIFIER = akshay.sample2Tests;
				PRODUCT_NAME = "$(TARGET_NAME)";
				SWIFT_VERSION = 3.0;
				TEST_HOST = "$(BUILT_PRODUCTS_DIR)/sample2.app/sample2";
			};
			name = Debug;
		};
		BAEB383B1F338A62007AB2C6 /* Release */ = {
			isa = XCBuildConfiguration;
			buildSettings = {
				ALWAYS_EMBED_SWIFT_STANDARD_LIBRARIES = YES;
				BUNDLE_LOADER = "$(TEST_HOST)";
				INFOPLIST_FILE = sample2Tests/Info.plist;
				LD_RUNPATH_SEARCH_PATHS = "$(inherited) @executable_path/Frameworks @loader_path/Frameworks";
				PRODUCT_BUNDLE_IDENTIFIER = akshay.sample2Tests;
				PRODUCT_NAME = "$(TARGET_NAME)";
				SWIFT_VERSION = 3.0;
				TEST_HOST = "$(BUILT_PRODUCTS_DIR)/sample2.app/sample2";
			};
			name = Release;
		};
		BAEB383D1F338A62007AB2C6 /* Debug */ = {
			isa = XCBuildConfiguration;
			buildSettings = {
				ALWAYS_EMBED_SWIFT_STANDARD_LIBRARIES = YES;
				INFOPLIST_FILE = sample2UITests/Info.plist;
				LD_RUNPATH_SEARCH_PATHS = "$(inherited) @executable_path/Frameworks @loader_path/Frameworks";
				PRODUCT_BUNDLE_IDENTIFIER = akshay.sample2UITests;
				PRODUCT_NAME = "$(TARGET_NAME)";
				SWIFT_VERSION = 3.0;
				TEST_TARGET_NAME = sample2;
			};
			name = Debug;
		};
		BAEB383E1F338A62007AB2C6 /* Release */ = {
			isa = XCBuildConfiguration;
			buildSettings = {
				ALWAYS_EMBED_SWIFT_STANDARD_LIBRARIES = YES;
				INFOPLIST_FILE = sample2UITests/Info.plist;
				LD_RUNPATH_SEARCH_PATHS = "$(inherited) @executable_path/Frameworks @loader_path/Frameworks";
				PRODUCT_BUNDLE_IDENTIFIER = akshay.sample2UITests;
				PRODUCT_NAME = "$(TARGET_NAME)";
				SWIFT_VERSION = 3.0;
				TEST_TARGET_NAME = sample2;
			};
			name = Release;
		};
/* End XCBuildConfiguration section */

/* Begin XCConfigurationList section */
		BAEB38091F338A62007AB2C6 /* Build configuration list for PBXProject "sample2" */ = {
			isa = XCConfigurationList;
			buildConfigurations = (
				BAEB38341F338A62007AB2C6 /* Debug */,
				BAEB38351F338A62007AB2C6 /* Release */,
			);
			defaultConfigurationIsVisible = 0;
			defaultConfigurationName = Release;
		};
		BAEB38361F338A62007AB2C6 /* Build configuration list for PBXNativeTarget "sample2" */ = {
			isa = XCConfigurationList;
			buildConfigurations = (
				BAEB38371F338A62007AB2C6 /* Debug */,
				BAEB38381F338A62007AB2C6 /* Release */,
			);
			defaultConfigurationIsVisible = 0;
		};
		BAEB38391F338A62007AB2C6 /* Build configuration list for PBXNativeTarget "sample2Tests" */ = {
			isa = XCConfigurationList;
			buildConfigurations = (
				BAEB383A1F338A62007AB2C6 /* Debug */,
				BAEB383B1F338A62007AB2C6 /* Release */,
			);
			defaultConfigurationIsVisible = 0;
		};
		BAEB383C1F338A62007AB2C6 /* Build configuration list for PBXNativeTarget "sample2UITests" */ = {
			isa = XCConfigurationList;
			buildConfigurations = (
				BAEB383D1F338A62007AB2C6 /* Debug */,
				BAEB383E1F338A62007AB2C6 /* Release */,
			);
			defaultConfigurationIsVisible = 0;
		};
/* End XCConfigurationList section */
	};
	rootObject = BAEB38061F338A62007AB2C6 /* Project object */;
}
